
Microsoft Visual Studio Solution File, Format Version 12.00
# Visual Studio Version 17
VisualStudioVersion = 17.3.32901.215
MinimumVisualStudioVersion = 10.0.40219.1
Project("{8BC9CEB8-8B4A-11D0-8D11-00A0C91BC942}") = "0_DevelopmentEnvironment", "0_DevelopmentEnvironment\0_DevelopmentEnvironment.vcxproj", "{A9ABA386-A879-40EE-B3F1-BD03A2303405}"
EndProject
Project("{2150E333-8FDC-42A3-9474-1A3956D46DE8}") = "1_DrawingATriangle", "1_DrawingATriangle", "{6D4F6AD7-ED4D-459B-9B79-79601C978110}"
EndProject
Project("{8BC9CEB8-8B4A-11D0-8D11-00A0C91BC942}") = "1_1_Setup", "1_1_Setup\1_1_Setup.vcxproj", "{7B4247A0-096C-4B16-891D-AFCEEEE0A35A}"
EndProject
Project("{2150E333-8FDC-42A3-9474-1A3956D46DE8}") = "0_Started", "0_Started", "{E3F95FAB-230F-4E87-A034-8607812C3682}"
EndProject
Project("{8BC9CEB8-8B4A-11D0-8D11-00A0C91BC942}") = "1_2_Presentation", "1_2_Presentation\1_2_Presentation.vcxproj", "{B7678E3D-692F-48E1-AF8F-8B44BCF5B31E}"
EndProject
Project("{8BC9CEB8-8B4A-11D0-8D11-00A0C91BC942}") = "1_3_GraphicsPiplineBasics", "1_3_GraphicsPiplineBasics\1_3_GraphicsPiplineBasics.vcxproj", "{3C7221F8-639C-470E-A744-4471B3F3870D}"
EndProject
Project("{8BC9CEB8-8B4A-11D0-8D11-00A0C91BC942}") = "1_4_Drawing", "1_4_Drawing\1_4_Drawing.vcxproj", "{C30B138D-BA4E-48D5-B41C-E9B8294F422D}"
EndProject
Project("{8BC9CEB8-8B4A-11D0-8D11-00A0C91BC942}") = "1_5_SwapChainRecreation", "1_5_SwapChainRecreation\1_5_SwapChainRecreation.vcxproj", "{1D09E2AE-3295-423B-BFB7-6890E75ACB5C}"
EndProject
Project("{2150E333-8FDC-42A3-9474-1A3956D46DE8}") = "Vertex buffers", "Vertex buffers", "{3E90B0E3-3024-4DDB-8B75-CDF19D0EBB84}"
EndProject
Project("{8BC9CEB8-8B4A-11D0-8D11-00A0C91BC942}") = "2_1_VertexInputDescription", "2_1_VertexInputDescription\2_1_VertexInputDescription.vcxproj", "{49854B50-BE81-4DAF-A62B-662CCDECBFD7}"
EndProject
Global
	GlobalSection(SolutionConfigurationPlatforms) = preSolution
		Debug|x64 = Debug|x64
		Debug|x86 = Debug|x86
		Release|x64 = Release|x64
		Release|x86 = Release|x86
	EndGlobalSection
	GlobalSection(ProjectConfigurationPlatforms) = postSolution
		{A9ABA386-A879-40EE-B3F1-BD03A2303405}.Debug|x64.ActiveCfg = Debug|x64
		{A9ABA386-A879-40EE-B3F1-BD03A2303405}.Debug|x64.Build.0 = Debug|x64
		{A9ABA386-A879-40EE-B3F1-BD03A2303405}.Debug|x86.ActiveCfg = Debug|Win32
		{A9ABA386-A879-40EE-B3F1-BD03A2303405}.Debug|x86.Build.0 = Debug|Win32
		{A9ABA386-A879-40EE-B3F1-BD03A2303405}.Release|x64.ActiveCfg = Release|x64
		{A9ABA386-A879-40EE-B3F1-BD03A2303405}.Release|x64.Build.0 = Release|x64
		{A9ABA386-A879-40EE-B3F1-BD03A2303405}.Release|x86.ActiveCfg = Release|Win32
		{A9ABA386-A879-40EE-B3F1-BD03A2303405}.Release|x86.Build.0 = Release|Win32
		{7B4247A0-096C-4B16-891D-AFCEEEE0A35A}.Debug|x64.ActiveCfg = Debug|x64
		{7B4247A0-096C-4B16-891D-AFCEEEE0A35A}.Debug|x64.Build.0 = Debug|x64
		{7B4247A0-096C-4B16-891D-AFCEEEE0A35A}.Debug|x86.ActiveCfg = Debug|Win32
		{7B4247A0-096C-4B16-891D-AFCEEEE0A35A}.Debug|x86.Build.0 = Debug|Win32
		{7B4247A0-096C-4B16-891D-AFCEEEE0A35A}.Release|x64.ActiveCfg = Release|x64
		{7B4247A0-096C-4B16-891D-AFCEEEE0A35A}.Release|x64.Build.0 = Release|x64
		{7B4247A0-096C-4B16-891D-AFCEEEE0A35A}.Release|x86.ActiveCfg = Release|Win32
		{7B4247A0-096C-4B16-891D-AFCEEEE0A35A}.Release|x86.Build.0 = Release|Win32
		{B7678E3D-692F-48E1-AF8F-8B44BCF5B31E}.Debug|x64.ActiveCfg = Debug|x64
		{B7678E3D-692F-48E1-AF8F-8B44BCF5B31E}.Debug|x64.Build.0 = Debug|x64
		{B7678E3D-692F-48E1-AF8F-8B44BCF5B31E}.Debug|x86.ActiveCfg = Debug|Win32
		{B7678E3D-692F-48E1-AF8F-8B44BCF5B31E}.Debug|x86.Build.0 = Debug|Win32
		{B7678E3D-692F-48E1-AF8F-8B44BCF5B31E}.Release|x64.ActiveCfg = Release|x64
		{B7678E3D-692F-48E1-AF8F-8B44BCF5B31E}.Release|x64.Build.0 = Release|x64
		{B7678E3D-692F-48E1-AF8F-8B44BCF5B31E}.Release|x86.ActiveCfg = Release|Win32
		{B7678E3D-692F-48E1-AF8F-8B44BCF5B31E}.Release|x86.Build.0 = Release|Win32
		{3C7221F8-639C-470E-A744-4471B3F3870D}.Debug|x64.ActiveCfg = Debug|x64
		{3C7221F8-639C-470E-A744-4471B3F3870D}.Debug|x64.Build.0 = Debug|x64
		{3C7221F8-639C-470E-A744-4471B3F3870D}.Debug|x86.ActiveCfg = Debug|Win32
		{3C7221F8-639C-470E-A744-4471B3F3870D}.Debug|x86.Build.0 = Debug|Win32
		{3C7221F8-639C-470E-A744-4471B3F3870D}.Release|x64.ActiveCfg = Release|x64
		{3C7221F8-639C-470E-A744-4471B3F3870D}.Release|x64.Build.0 = Release|x64
		{3C7221F8-639C-470E-A744-4471B3F3870D}.Release|x86.ActiveCfg = Release|Win32
		{3C7221F8-639C-470E-A744-4471B3F3870D}.Release|x86.Build.0 = Release|Win32
		{C30B138D-BA4E-48D5-B41C-E9B8294F422D}.Debug|x64.ActiveCfg = Debug|x64
		{C30B138D-BA4E-48D5-B41C-E9B8294F422D}.Debug|x64.Build.0 = Debug|x64
		{C30B138D-BA4E-48D5-B41C-E9B8294F422D}.Debug|x86.ActiveCfg = Debug|Win32
		{C30B138D-BA4E-48D5-B41C-E9B8294F422D}.Debug|x86.Build.0 = Debug|Win32
		{C30B138D-BA4E-48D5-B41C-E9B8294F422D}.Release|x64.ActiveCfg = Release|x64
		{C30B138D-BA4E-48D5-B41C-E9B8294F422D}.Release|x64.Build.0 = Release|x64
		{C30B138D-BA4E-48D5-B41C-E9B8294F422D}.Release|x86.ActiveCfg = Release|Win32
		{C30B138D-BA4E-48D5-B41C-E9B8294F422D}.Release|x86.Build.0 = Release|Win32
		{1D09E2AE-3295-423B-BFB7-6890E75ACB5C}.Debug|x64.ActiveCfg = Debug|x64
		{1D09E2AE-3295-423B-BFB7-6890E75ACB5C}.Debug|x64.Build.0 = Debug|x64
		{1D09E2AE-3295-423B-BFB7-6890E75ACB5C}.Debug|x86.ActiveCfg = Debug|Win32
		{1D09E2AE-3295-423B-BFB7-6890E75ACB5C}.Debug|x86.Build.0 = Debug|Win32
		{1D09E2AE-3295-423B-BFB7-6890E75ACB5C}.Release|x64.ActiveCfg = Release|x64
		{1D09E2AE-3295-423B-BFB7-6890E75ACB5C}.Release|x64.Build.0 = Release|x64
		{1D09E2AE-3295-423B-BFB7-6890E75ACB5C}.Release|x86.ActiveCfg = Release|Win32
		{1D09E2AE-3295-423B-BFB7-6890E75ACB5C}.Release|x86.Build.0 = Release|Win32
		{49854B50-BE81-4DAF-A62B-662CCDECBFD7}.Debug|x64.ActiveCfg = Debug|x64
		{49854B50-BE81-4DAF-A62B-662CCDECBFD7}.Debug|x64.Build.0 = Debug|x64
		{49854B50-BE81-4DAF-A62B-662CCDECBFD7}.Debug|x86.ActiveCfg = Debug|Win32
		{49854B50-BE81-4DAF-A62B-662CCDECBFD7}.Debug|x86.Build.0 = Debug|Win32
		{49854B50-BE81-4DAF-A62B-662CCDECBFD7}.Release|x64.ActiveCfg = Release|x64
		{49854B50-BE81-4DAF-A62B-662CCDECBFD7}.Release|x64.Build.0 = Release|x64
		{49854B50-BE81-4DAF-A62B-662CCDECBFD7}.Release|x86.ActiveCfg = Release|Win32
		{49854B50-BE81-4DAF-A62B-662CCDECBFD7}.Release|x86.Build.0 = Release|Win32
	EndGlobalSection
	GlobalSection(SolutionProperties) = preSolution
		HideSolutionNode = FALSE
	EndGlobalSection
	GlobalSection(NestedProjects) = preSolution
		{A9ABA386-A879-40EE-B3F1-BD03A2303405} = {E3F95FAB-230F-4E87-A034-8607812C3682}
		{7B4247A0-096C-4B16-891D-AFCEEEE0A35A} = {6D4F6AD7-ED4D-459B-9B79-79601C978110}
		{B7678E3D-692F-48E1-AF8F-8B44BCF5B31E} = {6D4F6AD7-ED4D-459B-9B79-79601C978110}
		{3C7221F8-639C-470E-A744-4471B3F3870D} = {6D4F6AD7-ED4D-459B-9B79-79601C978110}
		{C30B138D-BA4E-48D5-B41C-E9B8294F422D} = {6D4F6AD7-ED4D-459B-9B79-79601C978110}
		{1D09E2AE-3295-423B-BFB7-6890E75ACB5C} = {6D4F6AD7-ED4D-459B-9B79-79601C978110}
		{49854B50-BE81-4DAF-A62B-662CCDECBFD7} = {3E90B0E3-3024-4DDB-8B75-CDF19D0EBB84}
	EndGlobalSection
	GlobalSection(ExtensibilityGlobals) = postSolution
		SolutionGuid = {D715A0B1-BB9C-49DF-B65D-035FEFA96300}
	EndGlobalSection
EndGlobal
