
Microsoft Visual Studio Solution File, Format Version 12.00
# Visual Studio Version 17
VisualStudioVersion = 17.3.32901.215
MinimumVisualStudioVersion = 10.0.40219.1
Project("{8BC9CEB8-8B4A-11D0-8D11-00A0C91BC942}") = "0_DevelopmentEnvironment", "0_DevelopmentEnvironment\0_DevelopmentEnvironment.vcxproj", "{A9ABA386-A879-40EE-B3F1-BD03A2303405}"
EndProject
Project("{2150E333-8FDC-42A3-9474-1A3956D46DE8}") = "1_DrawingATriangle", "1_DrawingATriangle", "{6D4F6AD7-ED4D-459B-9B79-79601C978110}"
EndProject
Project("{8BC9CEB8-8B4A-11D0-8D11-00A0C91BC942}") = "1_1_Setup", "1_1_Setup\1_1_Setup.vcxproj", "{7B4247A0-096C-4B16-891D-AFCEEEE0A35A}"
EndProject
Project("{2150E333-8FDC-42A3-9474-1A3956D46DE8}") = "0_Started", "0_Started", "{E3F95FAB-230F-4E87-A034-8607812C3682}"
EndProject
Project("{8BC9CEB8-8B4A-11D0-8D11-00A0C91BC942}") = "1_2_Presentation", "1_2_Presentation\1_2_Presentation.vcxproj", "{B7678E3D-692F-48E1-AF8F-8B44BCF5B31E}"
EndProject
Project("{8BC9CEB8-8B4A-11D0-8D11-00A0C91BC942}") = "1_3_GraphicsPiplineBasics", "1_3_GraphicsPiplineBasics\1_3_GraphicsPiplineBasics.vcxproj", "{3C7221F8-639C-470E-A744-4471B3F3870D}"
EndProject
Project("{8BC9CEB8-8B4A-11D0-8D11-00A0C91BC942}") = "1_4_Drawing", "1_4_Drawing\1_4_Drawing.vcxproj", "{C30B138D-BA4E-48D5-B41C-E9B8294F422D}"
EndProject
Project("{8BC9CEB8-8B4A-11D0-8D11-00A0C91BC942}") = "1_5_SwapChainRecreation", "1_5_SwapChainRecreation\1_5_SwapChainRecreation.vcxproj", "{1D09E2AE-3295-423B-BFB7-6890E75ACB5C}"
EndProject
Project("{2150E333-8FDC-42A3-9474-1A3956D46DE8}") = "2_Vertex buffers", "2_Vertex buffers", "{3E90B0E3-3024-4DDB-8B75-CDF19D0EBB84}"
EndProject
Project("{8BC9CEB8-8B4A-11D0-8D11-00A0C91BC942}") = "2_1_VertexInputDescription", "2_1_VertexInputDescription\2_1_VertexInputDescription.vcxproj", "{49854B50-BE81-4DAF-A62B-662CCDECBFD7}"
EndProject
Project("{2150E333-8FDC-42A3-9474-1A3956D46DE8}") = "3_Uniform buffers", "3_Uniform buffers", "{BC706FD1-B688-4B4B-9835-6CE101D0537C}"
EndProject
Project("{8BC9CEB8-8B4A-11D0-8D11-00A0C91BC942}") = "3_1_DescriptorLayoutAndBuffer", "3_1_DescriptorLayoutAndBuffer\3_1_DescriptorLayoutAndBuffer.vcxproj", "{BB0A53B4-E177-4D7F-860B-9C7CCFD083BB}"
EndProject
Project("{2150E333-8FDC-42A3-9474-1A3956D46DE8}") = "4_Texture mapping", "4_Texture mapping", "{142FD8D3-C389-44E0-B83A-F5817479F2DE}"
EndProject
Project("{8BC9CEB8-8B4A-11D0-8D11-00A0C91BC942}") = "4_1_Images", "4_1_Images\4_1_Images.vcxproj", "{A8B0608A-2EEB-4F57-975C-D44913507E79}"
EndProject
Project("{8BC9CEB8-8B4A-11D0-8D11-00A0C91BC942}") = "4_2_Image view and sampler", "4_2_Image view and sampler\4_2_Image view and sampler.vcxproj", "{AD7A1438-3C76-4E6B-94E7-48C1C240B818}"
EndProject
Project("{8BC9CEB8-8B4A-11D0-8D11-00A0C91BC942}") = "4_3_Combined image sampler", "4_3_Combined image sampler\4_3_Combined image sampler.vcxproj", "{6E62A924-6332-4748-A321-E7F53BFAE2F2}"
EndProject
Project("{2150E333-8FDC-42A3-9474-1A3956D46DE8}") = "5_Depth buffering", "5_Depth buffering", "{8002EA94-1528-444F-9D92-E90BAC196763}"
EndProject
Project("{8BC9CEB8-8B4A-11D0-8D11-00A0C91BC942}") = "5_Depth buffering", "5_Depth buffering\5_Depth buffering.vcxproj", "{B1E6C3A4-0E7C-49E3-90E1-7F28F7EE10D1}"
EndProject
Project("{2150E333-8FDC-42A3-9474-1A3956D46DE8}") = "5_X_Imgui", "5_X_Imgui", "{9E834F55-99A1-42AA-B87C-BD327396BD5B}"
EndProject
Project("{8BC9CEB8-8B4A-11D0-8D11-00A0C91BC942}") = "X_Imgui", "X_Imgui\X_Imgui.vcxproj", "{451739C6-E051-45F1-9335-A16D2D94827D}"
EndProject
Project("{2150E333-8FDC-42A3-9474-1A3956D46DE8}") = "6_GeneratingMipmaps", "6_GeneratingMipmaps", "{13C08074-BB56-4697-8AE7-7F043D8BB2C8}"
EndProject
Project("{8BC9CEB8-8B4A-11D0-8D11-00A0C91BC942}") = "6_GeneratingMipmaps", "6_GeneratingMipmaps\6_GeneratingMipmaps.vcxproj", "{9D6CFE8D-31BA-4283-A4A6-BCAC407E0F06}"
EndProject
Project("{2150E333-8FDC-42A3-9474-1A3956D46DE8}") = "7_Multisampling", "7_Multisampling", "{852970C0-4A22-4380-BC01-263C4F2212FE}"
EndProject
Project("{8BC9CEB8-8B4A-11D0-8D11-00A0C91BC942}") = "7_Multisampling", "7_Multisampling\7_Multisampling.vcxproj", "{61A552AB-20E8-4D7D-AACA-CE098D9A1229}"
EndProject
Global
	GlobalSection(SolutionConfigurationPlatforms) = preSolution
		Debug|x64 = Debug|x64
		Debug|x86 = Debug|x86
		Release|x64 = Release|x64
		Release|x86 = Release|x86
	EndGlobalSection
	GlobalSection(ProjectConfigurationPlatforms) = postSolution
		{A9ABA386-A879-40EE-B3F1-BD03A2303405}.Debug|x64.ActiveCfg = Debug|x64
		{A9ABA386-A879-40EE-B3F1-BD03A2303405}.Debug|x64.Build.0 = Debug|x64
		{A9ABA386-A879-40EE-B3F1-BD03A2303405}.Debug|x86.ActiveCfg = Debug|Win32
		{A9ABA386-A879-40EE-B3F1-BD03A2303405}.Debug|x86.Build.0 = Debug|Win32
		{A9ABA386-A879-40EE-B3F1-BD03A2303405}.Release|x64.ActiveCfg = Release|x64
		{A9ABA386-A879-40EE-B3F1-BD03A2303405}.Release|x64.Build.0 = Release|x64
		{A9ABA386-A879-40EE-B3F1-BD03A2303405}.Release|x86.ActiveCfg = Release|Win32
		{A9ABA386-A879-40EE-B3F1-BD03A2303405}.Release|x86.Build.0 = Release|Win32
		{7B4247A0-096C-4B16-891D-AFCEEEE0A35A}.Debug|x64.ActiveCfg = Debug|x64
		{7B4247A0-096C-4B16-891D-AFCEEEE0A35A}.Debug|x64.Build.0 = Debug|x64
		{7B4247A0-096C-4B16-891D-AFCEEEE0A35A}.Debug|x86.ActiveCfg = Debug|Win32
		{7B4247A0-096C-4B16-891D-AFCEEEE0A35A}.Debug|x86.Build.0 = Debug|Win32
		{7B4247A0-096C-4B16-891D-AFCEEEE0A35A}.Release|x64.ActiveCfg = Release|x64
		{7B4247A0-096C-4B16-891D-AFCEEEE0A35A}.Release|x64.Build.0 = Release|x64
		{7B4247A0-096C-4B16-891D-AFCEEEE0A35A}.Release|x86.ActiveCfg = Release|Win32
		{7B4247A0-096C-4B16-891D-AFCEEEE0A35A}.Release|x86.Build.0 = Release|Win32
		{B7678E3D-692F-48E1-AF8F-8B44BCF5B31E}.Debug|x64.ActiveCfg = Debug|x64
		{B7678E3D-692F-48E1-AF8F-8B44BCF5B31E}.Debug|x64.Build.0 = Debug|x64
		{B7678E3D-692F-48E1-AF8F-8B44BCF5B31E}.Debug|x86.ActiveCfg = Debug|Win32
		{B7678E3D-692F-48E1-AF8F-8B44BCF5B31E}.Debug|x86.Build.0 = Debug|Win32
		{B7678E3D-692F-48E1-AF8F-8B44BCF5B31E}.Release|x64.ActiveCfg = Release|x64
		{B7678E3D-692F-48E1-AF8F-8B44BCF5B31E}.Release|x64.Build.0 = Release|x64
		{B7678E3D-692F-48E1-AF8F-8B44BCF5B31E}.Release|x86.ActiveCfg = Release|Win32
		{B7678E3D-692F-48E1-AF8F-8B44BCF5B31E}.Release|x86.Build.0 = Release|Win32
		{3C7221F8-639C-470E-A744-4471B3F3870D}.Debug|x64.ActiveCfg = Debug|x64
		{3C7221F8-639C-470E-A744-4471B3F3870D}.Debug|x64.Build.0 = Debug|x64
		{3C7221F8-639C-470E-A744-4471B3F3870D}.Debug|x86.ActiveCfg = Debug|Win32
		{3C7221F8-639C-470E-A744-4471B3F3870D}.Debug|x86.Build.0 = Debug|Win32
		{3C7221F8-639C-470E-A744-4471B3F3870D}.Release|x64.ActiveCfg = Release|x64
		{3C7221F8-639C-470E-A744-4471B3F3870D}.Release|x64.Build.0 = Release|x64
		{3C7221F8-639C-470E-A744-4471B3F3870D}.Release|x86.ActiveCfg = Release|Win32
		{3C7221F8-639C-470E-A744-4471B3F3870D}.Release|x86.Build.0 = Release|Win32
		{C30B138D-BA4E-48D5-B41C-E9B8294F422D}.Debug|x64.ActiveCfg = Debug|x64
		{C30B138D-BA4E-48D5-B41C-E9B8294F422D}.Debug|x64.Build.0 = Debug|x64
		{C30B138D-BA4E-48D5-B41C-E9B8294F422D}.Debug|x86.ActiveCfg = Debug|Win32
		{C30B138D-BA4E-48D5-B41C-E9B8294F422D}.Debug|x86.Build.0 = Debug|Win32
		{C30B138D-BA4E-48D5-B41C-E9B8294F422D}.Release|x64.ActiveCfg = Release|x64
		{C30B138D-BA4E-48D5-B41C-E9B8294F422D}.Release|x64.Build.0 = Release|x64
		{C30B138D-BA4E-48D5-B41C-E9B8294F422D}.Release|x86.ActiveCfg = Release|Win32
		{C30B138D-BA4E-48D5-B41C-E9B8294F422D}.Release|x86.Build.0 = Release|Win32
		{1D09E2AE-3295-423B-BFB7-6890E75ACB5C}.Debug|x64.ActiveCfg = Debug|x64
		{1D09E2AE-3295-423B-BFB7-6890E75ACB5C}.Debug|x64.Build.0 = Debug|x64
		{1D09E2AE-3295-423B-BFB7-6890E75ACB5C}.Debug|x86.ActiveCfg = Debug|Win32
		{1D09E2AE-3295-423B-BFB7-6890E75ACB5C}.Debug|x86.Build.0 = Debug|Win32
		{1D09E2AE-3295-423B-BFB7-6890E75ACB5C}.Release|x64.ActiveCfg = Release|x64
		{1D09E2AE-3295-423B-BFB7-6890E75ACB5C}.Release|x64.Build.0 = Release|x64
		{1D09E2AE-3295-423B-BFB7-6890E75ACB5C}.Release|x86.ActiveCfg = Release|Win32
		{1D09E2AE-3295-423B-BFB7-6890E75ACB5C}.Release|x86.Build.0 = Release|Win32
		{49854B50-BE81-4DAF-A62B-662CCDECBFD7}.Debug|x64.ActiveCfg = Debug|x64
		{49854B50-BE81-4DAF-A62B-662CCDECBFD7}.Debug|x64.Build.0 = Debug|x64
		{49854B50-BE81-4DAF-A62B-662CCDECBFD7}.Debug|x86.ActiveCfg = Debug|Win32
		{49854B50-BE81-4DAF-A62B-662CCDECBFD7}.Debug|x86.Build.0 = Debug|Win32
		{49854B50-BE81-4DAF-A62B-662CCDECBFD7}.Release|x64.ActiveCfg = Release|x64
		{49854B50-BE81-4DAF-A62B-662CCDECBFD7}.Release|x64.Build.0 = Release|x64
		{49854B50-BE81-4DAF-A62B-662CCDECBFD7}.Release|x86.ActiveCfg = Release|Win32
		{49854B50-BE81-4DAF-A62B-662CCDECBFD7}.Release|x86.Build.0 = Release|Win32
		{BB0A53B4-E177-4D7F-860B-9C7CCFD083BB}.Debug|x64.ActiveCfg = Debug|x64
		{BB0A53B4-E177-4D7F-860B-9C7CCFD083BB}.Debug|x64.Build.0 = Debug|x64
		{BB0A53B4-E177-4D7F-860B-9C7CCFD083BB}.Debug|x86.ActiveCfg = Debug|Win32
		{BB0A53B4-E177-4D7F-860B-9C7CCFD083BB}.Debug|x86.Build.0 = Debug|Win32
		{BB0A53B4-E177-4D7F-860B-9C7CCFD083BB}.Release|x64.ActiveCfg = Release|x64
		{BB0A53B4-E177-4D7F-860B-9C7CCFD083BB}.Release|x64.Build.0 = Release|x64
		{BB0A53B4-E177-4D7F-860B-9C7CCFD083BB}.Release|x86.ActiveCfg = Release|Win32
		{BB0A53B4-E177-4D7F-860B-9C7CCFD083BB}.Release|x86.Build.0 = Release|Win32
		{A8B0608A-2EEB-4F57-975C-D44913507E79}.Debug|x64.ActiveCfg = Debug|x64
		{A8B0608A-2EEB-4F57-975C-D44913507E79}.Debug|x64.Build.0 = Debug|x64
		{A8B0608A-2EEB-4F57-975C-D44913507E79}.Debug|x86.ActiveCfg = Debug|Win32
		{A8B0608A-2EEB-4F57-975C-D44913507E79}.Debug|x86.Build.0 = Debug|Win32
		{A8B0608A-2EEB-4F57-975C-D44913507E79}.Release|x64.ActiveCfg = Release|x64
		{A8B0608A-2EEB-4F57-975C-D44913507E79}.Release|x64.Build.0 = Release|x64
		{A8B0608A-2EEB-4F57-975C-D44913507E79}.Release|x86.ActiveCfg = Release|Win32
		{A8B0608A-2EEB-4F57-975C-D44913507E79}.Release|x86.Build.0 = Release|Win32
		{AD7A1438-3C76-4E6B-94E7-48C1C240B818}.Debug|x64.ActiveCfg = Debug|x64
		{AD7A1438-3C76-4E6B-94E7-48C1C240B818}.Debug|x64.Build.0 = Debug|x64
		{AD7A1438-3C76-4E6B-94E7-48C1C240B818}.Debug|x86.ActiveCfg = Debug|Win32
		{AD7A1438-3C76-4E6B-94E7-48C1C240B818}.Debug|x86.Build.0 = Debug|Win32
		{AD7A1438-3C76-4E6B-94E7-48C1C240B818}.Release|x64.ActiveCfg = Release|x64
		{AD7A1438-3C76-4E6B-94E7-48C1C240B818}.Release|x64.Build.0 = Release|x64
		{AD7A1438-3C76-4E6B-94E7-48C1C240B818}.Release|x86.ActiveCfg = Release|Win32
		{AD7A1438-3C76-4E6B-94E7-48C1C240B818}.Release|x86.Build.0 = Release|Win32
		{6E62A924-6332-4748-A321-E7F53BFAE2F2}.Debug|x64.ActiveCfg = Debug|x64
		{6E62A924-6332-4748-A321-E7F53BFAE2F2}.Debug|x64.Build.0 = Debug|x64
		{6E62A924-6332-4748-A321-E7F53BFAE2F2}.Debug|x86.ActiveCfg = Debug|Win32
		{6E62A924-6332-4748-A321-E7F53BFAE2F2}.Debug|x86.Build.0 = Debug|Win32
		{6E62A924-6332-4748-A321-E7F53BFAE2F2}.Release|x64.ActiveCfg = Release|x64
		{6E62A924-6332-4748-A321-E7F53BFAE2F2}.Release|x64.Build.0 = Release|x64
		{6E62A924-6332-4748-A321-E7F53BFAE2F2}.Release|x86.ActiveCfg = Release|Win32
		{6E62A924-6332-4748-A321-E7F53BFAE2F2}.Release|x86.Build.0 = Release|Win32
		{B1E6C3A4-0E7C-49E3-90E1-7F28F7EE10D1}.Debug|x64.ActiveCfg = Debug|x64
		{B1E6C3A4-0E7C-49E3-90E1-7F28F7EE10D1}.Debug|x64.Build.0 = Debug|x64
		{B1E6C3A4-0E7C-49E3-90E1-7F28F7EE10D1}.Debug|x86.ActiveCfg = Debug|Win32
		{B1E6C3A4-0E7C-49E3-90E1-7F28F7EE10D1}.Debug|x86.Build.0 = Debug|Win32
		{B1E6C3A4-0E7C-49E3-90E1-7F28F7EE10D1}.Release|x64.ActiveCfg = Release|x64
		{B1E6C3A4-0E7C-49E3-90E1-7F28F7EE10D1}.Release|x64.Build.0 = Release|x64
		{B1E6C3A4-0E7C-49E3-90E1-7F28F7EE10D1}.Release|x86.ActiveCfg = Release|Win32
		{B1E6C3A4-0E7C-49E3-90E1-7F28F7EE10D1}.Release|x86.Build.0 = Release|Win32
		{451739C6-E051-45F1-9335-A16D2D94827D}.Debug|x64.ActiveCfg = Debug|x64
		{451739C6-E051-45F1-9335-A16D2D94827D}.Debug|x64.Build.0 = Debug|x64
		{451739C6-E051-45F1-9335-A16D2D94827D}.Debug|x86.ActiveCfg = Debug|Win32
		{451739C6-E051-45F1-9335-A16D2D94827D}.Debug|x86.Build.0 = Debug|Win32
		{451739C6-E051-45F1-9335-A16D2D94827D}.Release|x64.ActiveCfg = Release|x64
		{451739C6-E051-45F1-9335-A16D2D94827D}.Release|x64.Build.0 = Release|x64
		{451739C6-E051-45F1-9335-A16D2D94827D}.Release|x86.ActiveCfg = Release|Win32
		{451739C6-E051-45F1-9335-A16D2D94827D}.Release|x86.Build.0 = Release|Win32
		{9D6CFE8D-31BA-4283-A4A6-BCAC407E0F06}.Debug|x64.ActiveCfg = Debug|x64
		{9D6CFE8D-31BA-4283-A4A6-BCAC407E0F06}.Debug|x64.Build.0 = Debug|x64
		{9D6CFE8D-31BA-4283-A4A6-BCAC407E0F06}.Debug|x86.ActiveCfg = Debug|Win32
		{9D6CFE8D-31BA-4283-A4A6-BCAC407E0F06}.Debug|x86.Build.0 = Debug|Win32
		{9D6CFE8D-31BA-4283-A4A6-BCAC407E0F06}.Release|x64.ActiveCfg = Release|x64
		{9D6CFE8D-31BA-4283-A4A6-BCAC407E0F06}.Release|x64.Build.0 = Release|x64
		{9D6CFE8D-31BA-4283-A4A6-BCAC407E0F06}.Release|x86.ActiveCfg = Release|Win32
		{9D6CFE8D-31BA-4283-A4A6-BCAC407E0F06}.Release|x86.Build.0 = Release|Win32
		{61A552AB-20E8-4D7D-AACA-CE098D9A1229}.Debug|x64.ActiveCfg = Debug|x64
		{61A552AB-20E8-4D7D-AACA-CE098D9A1229}.Debug|x64.Build.0 = Debug|x64
		{61A552AB-20E8-4D7D-AACA-CE098D9A1229}.Debug|x86.ActiveCfg = Debug|Win32
		{61A552AB-20E8-4D7D-AACA-CE098D9A1229}.Debug|x86.Build.0 = Debug|Win32
		{61A552AB-20E8-4D7D-AACA-CE098D9A1229}.Release|x64.ActiveCfg = Release|x64
		{61A552AB-20E8-4D7D-AACA-CE098D9A1229}.Release|x64.Build.0 = Release|x64
		{61A552AB-20E8-4D7D-AACA-CE098D9A1229}.Release|x86.ActiveCfg = Release|Win32
		{61A552AB-20E8-4D7D-AACA-CE098D9A1229}.Release|x86.Build.0 = Release|Win32
	EndGlobalSection
	GlobalSection(SolutionProperties) = preSolution
		HideSolutionNode = FALSE
	EndGlobalSection
	GlobalSection(NestedProjects) = preSolution
		{A9ABA386-A879-40EE-B3F1-BD03A2303405} = {E3F95FAB-230F-4E87-A034-8607812C3682}
		{7B4247A0-096C-4B16-891D-AFCEEEE0A35A} = {6D4F6AD7-ED4D-459B-9B79-79601C978110}
		{B7678E3D-692F-48E1-AF8F-8B44BCF5B31E} = {6D4F6AD7-ED4D-459B-9B79-79601C978110}
		{3C7221F8-639C-470E-A744-4471B3F3870D} = {6D4F6AD7-ED4D-459B-9B79-79601C978110}
		{C30B138D-BA4E-48D5-B41C-E9B8294F422D} = {6D4F6AD7-ED4D-459B-9B79-79601C978110}
		{1D09E2AE-3295-423B-BFB7-6890E75ACB5C} = {6D4F6AD7-ED4D-459B-9B79-79601C978110}
		{49854B50-BE81-4DAF-A62B-662CCDECBFD7} = {3E90B0E3-3024-4DDB-8B75-CDF19D0EBB84}
		{BB0A53B4-E177-4D7F-860B-9C7CCFD083BB} = {BC706FD1-B688-4B4B-9835-6CE101D0537C}
		{A8B0608A-2EEB-4F57-975C-D44913507E79} = {142FD8D3-C389-44E0-B83A-F5817479F2DE}
		{AD7A1438-3C76-4E6B-94E7-48C1C240B818} = {142FD8D3-C389-44E0-B83A-F5817479F2DE}
		{6E62A924-6332-4748-A321-E7F53BFAE2F2} = {142FD8D3-C389-44E0-B83A-F5817479F2DE}
		{B1E6C3A4-0E7C-49E3-90E1-7F28F7EE10D1} = {8002EA94-1528-444F-9D92-E90BAC196763}
		{451739C6-E051-45F1-9335-A16D2D94827D} = {9E834F55-99A1-42AA-B87C-BD327396BD5B}
		{9D6CFE8D-31BA-4283-A4A6-BCAC407E0F06} = {13C08074-BB56-4697-8AE7-7F043D8BB2C8}
		{61A552AB-20E8-4D7D-AACA-CE098D9A1229} = {852970C0-4A22-4380-BC01-263C4F2212FE}
	EndGlobalSection
	GlobalSection(ExtensibilityGlobals) = postSolution
		SolutionGuid = {D715A0B1-BB9C-49DF-B65D-035FEFA96300}
	EndGlobalSection
EndGlobal
